
Microsoft Visual Studio Solution File, Format Version 12.00
# Visual Studio Version 17
VisualStudioVersion = 17.5.002.0
MinimumVisualStudioVersion = 10.0.40219.1
Project("{9A19103F-16F7-4668-BE54-9A1E7A4F7556}") = "SchoolManagementApp.MVC", "SchoolManagementApp.MVC.csproj", "{35B927DB-0550-4844-9F5C-CCF198FCD998}"
EndProject
Global
	GlobalSection(SolutionConfigurationPlatforms) = preSolution
		Debug|Any CPU = Debug|Any CPU
		Release|Any CPU = Release|Any CPU
	EndGlobalSection
	GlobalSection(ProjectConfigurationPlatforms) = postSolution
		{35B927DB-0550-4844-9F5C-CCF198FCD998}.Debug|Any CPU.ActiveCfg = Debug|Any CPU
		{35B927DB-0550-4844-9F5C-CCF198FCD998}.Debug|Any CPU.Build.0 = Debug|Any CPU
		{35B927DB-0550-4844-9F5C-CCF198FCD998}.Release|Any CPU.ActiveCfg = Release|Any CPU
		{35B927DB-0550-4844-9F5C-CCF198FCD998}.Release|Any CPU.Build.0 = Release|Any CPU
	EndGlobalSection
	GlobalSection(SolutionProperties) = preSolution
		HideSolutionNode = FALSE
	EndGlobalSection
	GlobalSection(ExtensibilityGlobals) = postSolution
		SolutionGuid = {F193D10F-779C-4AF1-B6AF-024140A5EE6F}
	EndGlobalSection
EndGlobal
